
Microsoft Visual Studio Solution File, Format Version 12.00
# Visual Studio Version 17
VisualStudioVersion = 17.0.31903.59
MinimumVisualStudioVersion = 10.0.40219.1
Project("{2150E333-8FDC-42A3-9474-1A3956D46DE8}") = "src", "src", "{827E0CD3-B72D-47B6-A68D-7590B98EB39B}"
EndProject
Project("{FAE04EC0-301F-11D3-BF4B-00C04F79EFBC}") = "TrailTrainer.Developer.Core", "src\TrailTrainer.Developer.Core\TrailTrainer.Developer.Core.csproj", "{A269286B-9565-446F-AE06-D6055E45B963}"
EndProject
Project("{FAE04EC0-301F-11D3-BF4B-00C04F79EFBC}") = "TrailTrainer.Developer.Git", "src\TrailTrainer.Developer.Git\TrailTrainer.Developer.Git.csproj", "{1F92680C-A8FE-42AB-9D55-2866E6767CB3}"
EndProject
Project("{FAE04EC0-301F-11D3-BF4B-00C04F79EFBC}") = "TrailTrainer.Developer.Tasks", "src\TrailTrainer.Developer.Tasks\TrailTrainer.Developer.Tasks.csproj", "{1D183EAB-F81D-4C5B-8297-8DEF39155BF6}"
EndProject
Project("{FAE04EC0-301F-11D3-BF4B-00C04F79EFBC}") = "TrailTrainer.Developer.CLI", "src\TrailTrainer.Developer.CLI\TrailTrainer.Developer.CLI.csproj", "{CFA4E51F-1482-492B-AA01-958017C05094}"
EndProject
Project("{2150E333-8FDC-42A3-9474-1A3956D46DE8}") = "tests", "tests", "{0AB3BF05-4346-4AA6-1389-037BE0695223}"
EndProject
Project("{FAE04EC0-301F-11D3-BF4B-00C04F79EFBC}") = "TrailTrainer.Developer.Tests", "tests\TrailTrainer.Developer.Tests\TrailTrainer.Developer.Tests.csproj", "{4964FA40-2651-457F-AF6F-8EA0CB508C5E}"
EndProject
Project("{FAE04EC0-301F-11D3-BF4B-00C04F79EFBC}") = "TrailTrainer.Developer.GitHub", "src\TrailTrainer.Developer.GitHub\TrailTrainer.Developer.GitHub.csproj", "{E784B6A3-B3E6-4CC7-B3BC-4B2365697C85}"
EndProject
Project("{FAE04EC0-301F-11D3-BF4B-00C04F79EFBC}") = "TrailTrainer.Developer.Persistence", "src\TrailTrainer.Developer.Persistence\TrailTrainer.Developer.Persistence.csproj", "{B0B40D31-A8B6-41D7-9024-39283C0C4D19}"
EndProject
Project("{FAE04EC0-301F-11D3-BF4B-00C04F79EFBC}") = "TrailTrainer.Developer.Host", "src\TrailTrainer.Developer.Host\TrailTrainer.Developer.Host.csproj", "{2BA47AEC-284F-44B9-98FB-AABC3A7A5D1C}"
EndProject
Global
	GlobalSection(SolutionConfigurationPlatforms) = preSolution
		Debug|Any CPU = Debug|Any CPU
		Debug|x64 = Debug|x64
		Debug|x86 = Debug|x86
		Release|Any CPU = Release|Any CPU
		Release|x64 = Release|x64
		Release|x86 = Release|x86
	EndGlobalSection
	GlobalSection(ProjectConfigurationPlatforms) = postSolution
		{A269286B-9565-446F-AE06-D6055E45B963}.Debug|Any CPU.ActiveCfg = Debug|Any CPU
		{A269286B-9565-446F-AE06-D6055E45B963}.Debug|Any CPU.Build.0 = Debug|Any CPU
		{A269286B-9565-446F-AE06-D6055E45B963}.Debug|x64.ActiveCfg = Debug|Any CPU
		{A269286B-9565-446F-AE06-D6055E45B963}.Debug|x64.Build.0 = Debug|Any CPU
		{A269286B-9565-446F-AE06-D6055E45B963}.Debug|x86.ActiveCfg = Debug|Any CPU
		{A269286B-9565-446F-AE06-D6055E45B963}.Debug|x86.Build.0 = Debug|Any CPU
		{A269286B-9565-446F-AE06-D6055E45B963}.Release|Any CPU.ActiveCfg = Release|Any CPU
		{A269286B-9565-446F-AE06-D6055E45B963}.Release|Any CPU.Build.0 = Release|Any CPU
		{A269286B-9565-446F-AE06-D6055E45B963}.Release|x64.ActiveCfg = Release|Any CPU
		{A269286B-9565-446F-AE06-D6055E45B963}.Release|x64.Build.0 = Release|Any CPU
		{A269286B-9565-446F-AE06-D6055E45B963}.Release|x86.ActiveCfg = Release|Any CPU
		{A269286B-9565-446F-AE06-D6055E45B963}.Release|x86.Build.0 = Release|Any CPU
		{1F92680C-A8FE-42AB-9D55-2866E6767CB3}.Debug|Any CPU.ActiveCfg = Debug|Any CPU
		{1F92680C-A8FE-42AB-9D55-2866E6767CB3}.Debug|Any CPU.Build.0 = Debug|Any CPU
		{1F92680C-A8FE-42AB-9D55-2866E6767CB3}.Debug|x64.ActiveCfg = Debug|Any CPU
		{1F92680C-A8FE-42AB-9D55-2866E6767CB3}.Debug|x64.Build.0 = Debug|Any CPU
		{1F92680C-A8FE-42AB-9D55-2866E6767CB3}.Debug|x86.ActiveCfg = Debug|Any CPU
		{1F92680C-A8FE-42AB-9D55-2866E6767CB3}.Debug|x86.Build.0 = Debug|Any CPU
		{1F92680C-A8FE-42AB-9D55-2866E6767CB3}.Release|Any CPU.ActiveCfg = Release|Any CPU
		{1F92680C-A8FE-42AB-9D55-2866E6767CB3}.Release|Any CPU.Build.0 = Release|Any CPU
		{1F92680C-A8FE-42AB-9D55-2866E6767CB3}.Release|x64.ActiveCfg = Release|Any CPU
		{1F92680C-A8FE-42AB-9D55-2866E6767CB3}.Release|x64.Build.0 = Release|Any CPU
		{1F92680C-A8FE-42AB-9D55-2866E6767CB3}.Release|x86.ActiveCfg = Release|Any CPU
		{1F92680C-A8FE-42AB-9D55-2866E6767CB3}.Release|x86.Build.0 = Release|Any CPU
		{1D183EAB-F81D-4C5B-8297-8DEF39155BF6}.Debug|Any CPU.ActiveCfg = Debug|Any CPU
		{1D183EAB-F81D-4C5B-8297-8DEF39155BF6}.Debug|Any CPU.Build.0 = Debug|Any CPU
		{1D183EAB-F81D-4C5B-8297-8DEF39155BF6}.Debug|x64.ActiveCfg = Debug|Any CPU
		{1D183EAB-F81D-4C5B-8297-8DEF39155BF6}.Debug|x64.Build.0 = Debug|Any CPU
		{1D183EAB-F81D-4C5B-8297-8DEF39155BF6}.Debug|x86.ActiveCfg = Debug|Any CPU
		{1D183EAB-F81D-4C5B-8297-8DEF39155BF6}.Debug|x86.Build.0 = Debug|Any CPU
		{1D183EAB-F81D-4C5B-8297-8DEF39155BF6}.Release|Any CPU.ActiveCfg = Release|Any CPU
		{1D183EAB-F81D-4C5B-8297-8DEF39155BF6}.Release|Any CPU.Build.0 = Release|Any CPU
		{1D183EAB-F81D-4C5B-8297-8DEF39155BF6}.Release|x64.ActiveCfg = Release|Any CPU
		{1D183EAB-F81D-4C5B-8297-8DEF39155BF6}.Release|x64.Build.0 = Release|Any CPU
		{1D183EAB-F81D-4C5B-8297-8DEF39155BF6}.Release|x86.ActiveCfg = Release|Any CPU
		{1D183EAB-F81D-4C5B-8297-8DEF39155BF6}.Release|x86.Build.0 = Release|Any CPU
		{CFA4E51F-1482-492B-AA01-958017C05094}.Debug|Any CPU.ActiveCfg = Debug|Any CPU
		{CFA4E51F-1482-492B-AA01-958017C05094}.Debug|Any CPU.Build.0 = Debug|Any CPU
		{CFA4E51F-1482-492B-AA01-958017C05094}.Debug|x64.ActiveCfg = Debug|Any CPU
		{CFA4E51F-1482-492B-AA01-958017C05094}.Debug|x64.Build.0 = Debug|Any CPU
		{CFA4E51F-1482-492B-AA01-958017C05094}.Debug|x86.ActiveCfg = Debug|Any CPU
		{CFA4E51F-1482-492B-AA01-958017C05094}.Debug|x86.Build.0 = Debug|Any CPU
		{CFA4E51F-1482-492B-AA01-958017C05094}.Release|Any CPU.ActiveCfg = Release|Any CPU
		{CFA4E51F-1482-492B-AA01-958017C05094}.Release|Any CPU.Build.0 = Release|Any CPU
		{CFA4E51F-1482-492B-AA01-958017C05094}.Release|x64.ActiveCfg = Release|Any CPU
		{CFA4E51F-1482-492B-AA01-958017C05094}.Release|x64.Build.0 = Release|Any CPU
		{CFA4E51F-1482-492B-AA01-958017C05094}.Release|x86.ActiveCfg = Release|Any CPU
		{CFA4E51F-1482-492B-AA01-958017C05094}.Release|x86.Build.0 = Release|Any CPU
		{4964FA40-2651-457F-AF6F-8EA0CB508C5E}.Debug|Any CPU.ActiveCfg = Debug|Any CPU
		{4964FA40-2651-457F-AF6F-8EA0CB508C5E}.Debug|Any CPU.Build.0 = Debug|Any CPU
		{4964FA40-2651-457F-AF6F-8EA0CB508C5E}.Debug|x64.ActiveCfg = Debug|Any CPU
		{4964FA40-2651-457F-AF6F-8EA0CB508C5E}.Debug|x64.Build.0 = Debug|Any CPU
		{4964FA40-2651-457F-AF6F-8EA0CB508C5E}.Debug|x86.ActiveCfg = Debug|Any CPU
		{4964FA40-2651-457F-AF6F-8EA0CB508C5E}.Debug|x86.Build.0 = Debug|Any CPU
		{4964FA40-2651-457F-AF6F-8EA0CB508C5E}.Release|Any CPU.ActiveCfg = Release|Any CPU
		{4964FA40-2651-457F-AF6F-8EA0CB508C5E}.Release|Any CPU.Build.0 = Release|Any CPU
		{4964FA40-2651-457F-AF6F-8EA0CB508C5E}.Release|x64.ActiveCfg = Release|Any CPU
		{4964FA40-2651-457F-AF6F-8EA0CB508C5E}.Release|x64.Build.0 = Release|Any CPU
		{4964FA40-2651-457F-AF6F-8EA0CB508C5E}.Release|x86.ActiveCfg = Release|Any CPU
		{4964FA40-2651-457F-AF6F-8EA0CB508C5E}.Release|x86.Build.0 = Release|Any CPU
		{E784B6A3-B3E6-4CC7-B3BC-4B2365697C85}.Debug|Any CPU.ActiveCfg = Debug|Any CPU
		{E784B6A3-B3E6-4CC7-B3BC-4B2365697C85}.Debug|Any CPU.Build.0 = Debug|Any CPU
		{E784B6A3-B3E6-4CC7-B3BC-4B2365697C85}.Debug|x64.ActiveCfg = Debug|Any CPU
		{E784B6A3-B3E6-4CC7-B3BC-4B2365697C85}.Debug|x64.Build.0 = Debug|Any CPU
		{E784B6A3-B3E6-4CC7-B3BC-4B2365697C85}.Debug|x86.ActiveCfg = Debug|Any CPU
		{E784B6A3-B3E6-4CC7-B3BC-4B2365697C85}.Debug|x86.Build.0 = Debug|Any CPU
		{E784B6A3-B3E6-4CC7-B3BC-4B2365697C85}.Release|Any CPU.ActiveCfg = Release|Any CPU
		{E784B6A3-B3E6-4CC7-B3BC-4B2365697C85}.Release|Any CPU.Build.0 = Release|Any CPU
		{E784B6A3-B3E6-4CC7-B3BC-4B2365697C85}.Release|x64.ActiveCfg = Release|Any CPU
		{E784B6A3-B3E6-4CC7-B3BC-4B2365697C85}.Release|x64.Build.0 = Release|Any CPU
		{E784B6A3-B3E6-4CC7-B3BC-4B2365697C85}.Release|x86.ActiveCfg = Release|Any CPU
		{E784B6A3-B3E6-4CC7-B3BC-4B2365697C85}.Release|x86.Build.0 = Release|Any CPU
		{B0B40D31-A8B6-41D7-9024-39283C0C4D19}.Debug|Any CPU.ActiveCfg = Debug|Any CPU
		{B0B40D31-A8B6-41D7-9024-39283C0C4D19}.Debug|Any CPU.Build.0 = Debug|Any CPU
		{B0B40D31-A8B6-41D7-9024-39283C0C4D19}.Debug|x64.ActiveCfg = Debug|Any CPU
		{B0B40D31-A8B6-41D7-9024-39283C0C4D19}.Debug|x64.Build.0 = Debug|Any CPU
		{B0B40D31-A8B6-41D7-9024-39283C0C4D19}.Debug|x86.ActiveCfg = Debug|Any CPU
		{B0B40D31-A8B6-41D7-9024-39283C0C4D19}.Debug|x86.Build.0 = Debug|Any CPU
		{B0B40D31-A8B6-41D7-9024-39283C0C4D19}.Release|Any CPU.ActiveCfg = Release|Any CPU
		{B0B40D31-A8B6-41D7-9024-39283C0C4D19}.Release|Any CPU.Build.0 = Release|Any CPU
		{B0B40D31-A8B6-41D7-9024-39283C0C4D19}.Release|x64.ActiveCfg = Release|Any CPU
		{B0B40D31-A8B6-41D7-9024-39283C0C4D19}.Release|x64.Build.0 = Release|Any CPU
		{B0B40D31-A8B6-41D7-9024-39283C0C4D19}.Release|x86.ActiveCfg = Release|Any CPU
		{B0B40D31-A8B6-41D7-9024-39283C0C4D19}.Release|x86.Build.0 = Release|Any CPU
		{2BA47AEC-284F-44B9-98FB-AABC3A7A5D1C}.Debug|Any CPU.ActiveCfg = Debug|Any CPU
		{2BA47AEC-284F-44B9-98FB-AABC3A7A5D1C}.Debug|Any CPU.Build.0 = Debug|Any CPU
		{2BA47AEC-284F-44B9-98FB-AABC3A7A5D1C}.Debug|x64.ActiveCfg = Debug|Any CPU
		{2BA47AEC-284F-44B9-98FB-AABC3A7A5D1C}.Debug|x64.Build.0 = Debug|Any CPU
		{2BA47AEC-284F-44B9-98FB-AABC3A7A5D1C}.Debug|x86.ActiveCfg = Debug|Any CPU
		{2BA47AEC-284F-44B9-98FB-AABC3A7A5D1C}.Debug|x86.Build.0 = Debug|Any CPU
		{2BA47AEC-284F-44B9-98FB-AABC3A7A5D1C}.Release|Any CPU.ActiveCfg = Release|Any CPU
		{2BA47AEC-284F-44B9-98FB-AABC3A7A5D1C}.Release|Any CPU.Build.0 = Release|Any CPU
		{2BA47AEC-284F-44B9-98FB-AABC3A7A5D1C}.Release|x64.ActiveCfg = Release|Any CPU
		{2BA47AEC-284F-44B9-98FB-AABC3A7A5D1C}.Release|x64.Build.0 = Release|Any CPU
		{2BA47AEC-284F-44B9-98FB-AABC3A7A5D1C}.Release|x86.ActiveCfg = Release|Any CPU
		{2BA47AEC-284F-44B9-98FB-AABC3A7A5D1C}.Release|x86.Build.0 = Release|Any CPU
	EndGlobalSection
	GlobalSection(SolutionProperties) = preSolution
		HideSolutionNode = FALSE
	EndGlobalSection
	GlobalSection(NestedProjects) = preSolution
		{A269286B-9565-446F-AE06-D6055E45B963} = {827E0CD3-B72D-47B6-A68D-7590B98EB39B}
		{1F92680C-A8FE-42AB-9D55-2866E6767CB3} = {827E0CD3-B72D-47B6-A68D-7590B98EB39B}
		{1D183EAB-F81D-4C5B-8297-8DEF39155BF6} = {827E0CD3-B72D-47B6-A68D-7590B98EB39B}
		{CFA4E51F-1482-492B-AA01-958017C05094} = {827E0CD3-B72D-47B6-A68D-7590B98EB39B}
		{4964FA40-2651-457F-AF6F-8EA0CB508C5E} = {0AB3BF05-4346-4AA6-1389-037BE0695223}
		{E784B6A3-B3E6-4CC7-B3BC-4B2365697C85} = {827E0CD3-B72D-47B6-A68D-7590B98EB39B}
		{B0B40D31-A8B6-41D7-9024-39283C0C4D19} = {827E0CD3-B72D-47B6-A68D-7590B98EB39B}
		{2BA47AEC-284F-44B9-98FB-AABC3A7A5D1C} = {827E0CD3-B72D-47B6-A68D-7590B98EB39B}
	EndGlobalSection
EndGlobal
